// !$*UTF8*$!
{
	archiveVersion = 1;
	classes = {
	};
	objectVersion = 46;
	objects = {

/* Begin PBXBuildFile section */
		2BDE9880A43A9A6A0B11B17D /* libPods-textOne.a in Frameworks */ = {isa = PBXBuildFile; fileRef = 49DE17C3D48B6E9E9A198928 /* libPods-textOne.a */; };
		7AA438051EEBE01100F82E46 /* main.m in Sources */ = {isa = PBXBuildFile; fileRef = 7AA438041EEBE01100F82E46 /* main.m */; };
		7AA438081EEBE01100F82E46 /* AppDelegate.m in Sources */ = {isa = PBXBuildFile; fileRef = 7AA438071EEBE01100F82E46 /* AppDelegate.m */; };
		7AA4380B1EEBE01100F82E46 /* ViewController.m in Sources */ = {isa = PBXBuildFile; fileRef = 7AA4380A1EEBE01100F82E46 /* ViewController.m */; };
		7AA4380E1EEBE01100F82E46 /* Main.storyboard in Resources */ = {isa = PBXBuildFile; fileRef = 7AA4380C1EEBE01100F82E46 /* Main.storyboard */; };
		7AA438101EEBE01100F82E46 /* Assets.xcassets in Resources */ = {isa = PBXBuildFile; fileRef = 7AA4380F1EEBE01100F82E46 /* Assets.xcassets */; };
		7AA438131EEBE01100F82E46 /* LaunchScreen.storyboard in Resources */ = {isa = PBXBuildFile; fileRef = 7AA438111EEBE01100F82E46 /* LaunchScreen.storyboard */; };
		7AA4381E1EEBE01100F82E46 /* textOneTests.m in Sources */ = {isa = PBXBuildFile; fileRef = 7AA4381D1EEBE01100F82E46 /* textOneTests.m */; };
		7AA438291EEBE01100F82E46 /* textOneUITests.m in Sources */ = {isa = PBXBuildFile; fileRef = 7AA438281EEBE01100F82E46 /* textOneUITests.m */; };
/* End PBXBuildFile section */

/* Begin PBXContainerItemProxy section */
		7AA4381A1EEBE01100F82E46 /* PBXContainerItemProxy */ = {
			isa = PBXContainerItemProxy;
			containerPortal = 7AA437F81EEBE01100F82E46 /* Project object */;
			proxyType = 1;
			remoteGlobalIDString = 7AA437FF1EEBE01100F82E46;
			remoteInfo = textOne;
		};
		7AA438251EEBE01100F82E46 /* PBXContainerItemProxy */ = {
			isa = PBXContainerItemProxy;
			containerPortal = 7AA437F81EEBE01100F82E46 /* Project object */;
			proxyType = 1;
			remoteGlobalIDString = 7AA437FF1EEBE01100F82E46;
			remoteInfo = textOne;
		};
/* End PBXContainerItemProxy section */

/* Begin PBXFileReference section */
		49DE17C3D48B6E9E9A198928 /* libPods-textOne.a */ = {isa = PBXFileReference; explicitFileType = archive.ar; includeInIndex = 0; path = "libPods-textOne.a"; sourceTree = BUILT_PRODUCTS_DIR; };
		5E145ED6E4E72CF16AEFCA0F /* Pods-textOne.release.xcconfig */ = {isa = PBXFileReference; includeInIndex = 1; lastKnownFileType = text.xcconfig; name = "Pods-textOne.release.xcconfig"; path = "Pods/Target Support Files/Pods-textOne/Pods-textOne.release.xcconfig"; sourceTree = "<group>"; };
		7AA438001EEBE01100F82E46 /* textOne.app */ = {isa = PBXFileReference; explicitFileType = wrapper.application; includeInIndex = 0; path = textOne.app; sourceTree = BUILT_PRODUCTS_DIR; };
		7AA438041EEBE01100F82E46 /* main.m */ = {isa = PBXFileReference; lastKnownFileType = sourcecode.c.objc; path = main.m; sourceTree = "<group>"; };
		7AA438061EEBE01100F82E46 /* AppDelegate.h */ = {isa = PBXFileReference; lastKnownFileType = sourcecode.c.h; path = AppDelegate.h; sourceTree = "<group>"; };
		7AA438071EEBE01100F82E46 /* AppDelegate.m */ = {isa = PBXFileReference; lastKnownFileType = sourcecode.c.objc; path = AppDelegate.m; sourceTree = "<group>"; };
		7AA438091EEBE01100F82E46 /* ViewController.h */ = {isa = PBXFileReference; lastKnownFileType = sourcecode.c.h; path = ViewController.h; sourceTree = "<group>"; };
		7AA4380A1EEBE01100F82E46 /* ViewController.m */ = {isa = PBXFileReference; lastKnownFileType = sourcecode.c.objc; path = ViewController.m; sourceTree = "<group>"; };
		7AA4380D1EEBE01100F82E46 /* Base */ = {isa = PBXFileReference; lastKnownFileType = file.storyboard; name = Base; path = Base.lproj/Main.storyboard; sourceTree = "<group>"; };
		7AA4380F1EEBE01100F82E46 /* Assets.xcassets */ = {isa = PBXFileReference; lastKnownFileType = folder.assetcatalog; path = Assets.xcassets; sourceTree = "<group>"; };
		7AA438121EEBE01100F82E46 /* Base */ = {isa = PBXFileReference; lastKnownFileType = file.storyboard; name = Base; path = Base.lproj/LaunchScreen.storyboard; sourceTree = "<group>"; };
		7AA438141EEBE01100F82E46 /* Info.plist */ = {isa = PBXFileReference; lastKnownFileType = text.plist.xml; path = Info.plist; sourceTree = "<group>"; };
		7AA438191EEBE01100F82E46 /* textOneTests.xctest */ = {isa = PBXFileReference; explicitFileType = wrapper.cfbundle; includeInIndex = 0; path = textOneTests.xctest; sourceTree = BUILT_PRODUCTS_DIR; };
		7AA4381D1EEBE01100F82E46 /* textOneTests.m */ = {isa = PBXFileReference; lastKnownFileType = sourcecode.c.objc; path = textOneTests.m; sourceTree = "<group>"; };
		7AA4381F1EEBE01100F82E46 /* Info.plist */ = {isa = PBXFileReference; lastKnownFileType = text.plist.xml; path = Info.plist; sourceTree = "<group>"; };
		7AA438241EEBE01100F82E46 /* textOneUITests.xctest */ = {isa = PBXFileReference; explicitFileType = wrapper.cfbundle; includeInIndex = 0; path = textOneUITests.xctest; sourceTree = BUILT_PRODUCTS_DIR; };
		7AA438281EEBE01100F82E46 /* textOneUITests.m */ = {isa = PBXFileReference; lastKnownFileType = sourcecode.c.objc; path = textOneUITests.m; sourceTree = "<group>"; };
		7AA4382A1EEBE01100F82E46 /* Info.plist */ = {isa = PBXFileReference; lastKnownFileType = text.plist.xml; path = Info.plist; sourceTree = "<group>"; };
		ED60B39D7052B164EE346DC4 /* Pods-textOne.debug.xcconfig */ = {isa = PBXFileReference; includeInIndex = 1; lastKnownFileType = text.xcconfig; name = "Pods-textOne.debug.xcconfig"; path = "Pods/Target Support Files/Pods-textOne/Pods-textOne.debug.xcconfig"; sourceTree = "<group>"; };
/* End PBXFileReference section */

/* Begin PBXFrameworksBuildPhase section */
		7AA437FD1EEBE01100F82E46 /* Frameworks */ = {
			isa = PBXFrameworksBuildPhase;
			buildActionMask = 2147483647;
			files = (
				2BDE9880A43A9A6A0B11B17D /* libPods-textOne.a in Frameworks */,
			);
			runOnlyForDeploymentPostprocessing = 0;
		};
		7AA438161EEBE01100F82E46 /* Frameworks */ = {
			isa = PBXFrameworksBuildPhase;
			buildActionMask = 2147483647;
			files = (
			);
			runOnlyForDeploymentPostprocessing = 0;
		};
		7AA438211EEBE01100F82E46 /* Frameworks */ = {
			isa = PBXFrameworksBuildPhase;
			buildActionMask = 2147483647;
			files = (
			);
			runOnlyForDeploymentPostprocessing = 0;
		};
/* End PBXFrameworksBuildPhase section */

/* Begin PBXGroup section */
		25F694FF2F05C68C5D079C15 /* Frameworks */ = {
			isa = PBXGroup;
			children = (
				49DE17C3D48B6E9E9A198928 /* libPods-textOne.a */,
			);
			name = Frameworks;
			sourceTree = "<group>";
		};
		7AA437F71EEBE01100F82E46 = {
			isa = PBXGroup;
			children = (
				7AA438021EEBE01100F82E46 /* textOne */,
				7AA4381C1EEBE01100F82E46 /* textOneTests */,
				7AA438271EEBE01100F82E46 /* textOneUITests */,
				7AA438011EEBE01100F82E46 /* Products */,
				DC31D46C8DBCE6E0D05155C3 /* Pods */,
				25F694FF2F05C68C5D079C15 /* Frameworks */,
			);
			sourceTree = "<group>";
		};
		7AA438011EEBE01100F82E46 /* Products */ = {
			isa = PBXGroup;
			children = (
				7AA438001EEBE01100F82E46 /* textOne.app */,
				7AA438191EEBE01100F82E46 /* textOneTests.xctest */,
				7AA438241EEBE01100F82E46 /* textOneUITests.xctest */,
			);
			name = Products;
			sourceTree = "<group>";
		};
		7AA438021EEBE01100F82E46 /* textOne */ = {
			isa = PBXGroup;
			children = (
				7AA438061EEBE01100F82E46 /* AppDelegate.h */,
				7AA438071EEBE01100F82E46 /* AppDelegate.m */,
				7AA438091EEBE01100F82E46 /* ViewController.h */,
				7AA4380A1EEBE01100F82E46 /* ViewController.m */,
				7AA4380C1EEBE01100F82E46 /* Main.storyboard */,
				7AA4380F1EEBE01100F82E46 /* Assets.xcassets */,
				7AA438111EEBE01100F82E46 /* LaunchScreen.storyboard */,
				7AA438141EEBE01100F82E46 /* Info.plist */,
				7AA438031EEBE01100F82E46 /* Supporting Files */,
			);
			path = textOne;
			sourceTree = "<group>";
		};
		7AA438031EEBE01100F82E46 /* Supporting Files */ = {
			isa = PBXGroup;
			children = (
				7AA438041EEBE01100F82E46 /* main.m */,
			);
			name = "Supporting Files";
			sourceTree = "<group>";
		};
		7AA4381C1EEBE01100F82E46 /* textOneTests */ = {
			isa = PBXGroup;
			children = (
				7AA4381D1EEBE01100F82E46 /* textOneTests.m */,
				7AA4381F1EEBE01100F82E46 /* Info.plist */,
			);
			path = textOneTests;
			sourceTree = "<group>";
		};
		7AA438271EEBE01100F82E46 /* textOneUITests */ = {
			isa = PBXGroup;
			children = (
				7AA438281EEBE01100F82E46 /* textOneUITests.m */,
				7AA4382A1EEBE01100F82E46 /* Info.plist */,
			);
			path = textOneUITests;
			sourceTree = "<group>";
		};
		DC31D46C8DBCE6E0D05155C3 /* Pods */ = {
			isa = PBXGroup;
			children = (
				ED60B39D7052B164EE346DC4 /* Pods-textOne.debug.xcconfig */,
				5E145ED6E4E72CF16AEFCA0F /* Pods-textOne.release.xcconfig */,
			);
			name = Pods;
			sourceTree = "<group>";
		};
/* End PBXGroup section */

/* Begin PBXNativeTarget section */
		7AA437FF1EEBE01100F82E46 /* textOne */ = {
			isa = PBXNativeTarget;
			buildConfigurationList = 7AA4382D1EEBE01100F82E46 /* Build configuration list for PBXNativeTarget "textOne" */;
			buildPhases = (
				6815DE03F6173FA7C69B9E68 /* [CP] Check Pods Manifest.lock */,
				7AA437FC1EEBE01100F82E46 /* Sources */,
				7AA437FD1EEBE01100F82E46 /* Frameworks */,
				7AA437FE1EEBE01100F82E46 /* Resources */,
				54684497F68C178532945CBE /* [CP] Embed Pods Frameworks */,
				E817FF21C5D1038AB497C3FC /* [CP] Copy Pods Resources */,
			);
			buildRules = (
			);
			dependencies = (
			);
			name = textOne;
			productName = textOne;
			productReference = 7AA438001EEBE01100F82E46 /* textOne.app */;
			productType = "com.apple.product-type.application";
		};
		7AA438181EEBE01100F82E46 /* textOneTests */ = {
			isa = PBXNativeTarget;
			buildConfigurationList = 7AA438301EEBE01100F82E46 /* Build configuration list for PBXNativeTarget "textOneTests" */;
			buildPhases = (
				7AA438151EEBE01100F82E46 /* Sources */,
				7AA438161EEBE01100F82E46 /* Frameworks */,
				7AA438171EEBE01100F82E46 /* Resources */,
			);
			buildRules = (
			);
			dependencies = (
				7AA4381B1EEBE01100F82E46 /* PBXTargetDependency */,
			);
			name = textOneTests;
			productName = textOneTests;
			productReference = 7AA438191EEBE01100F82E46 /* textOneTests.xctest */;
			productType = "com.apple.product-type.bundle.unit-test";
		};
		7AA438231EEBE01100F82E46 /* textOneUITests */ = {
			isa = PBXNativeTarget;
			buildConfigurationList = 7AA438331EEBE01100F82E46 /* Build configuration list for PBXNativeTarget "textOneUITests" */;
			buildPhases = (
				7AA438201EEBE01100F82E46 /* Sources */,
				7AA438211EEBE01100F82E46 /* Frameworks */,
				7AA438221EEBE01100F82E46 /* Resources */,
			);
			buildRules = (
			);
			dependencies = (
				7AA438261EEBE01100F82E46 /* PBXTargetDependency */,
			);
			name = textOneUITests;
			productName = textOneUITests;
			productReference = 7AA438241EEBE01100F82E46 /* textOneUITests.xctest */;
			productType = "com.apple.product-type.bundle.ui-testing";
		};
/* End PBXNativeTarget section */

/* Begin PBXProject section */
		7AA437F81EEBE01100F82E46 /* Project object */ = {
			isa = PBXProject;
			attributes = {
				LastUpgradeCheck = 0830;
				ORGANIZATIONNAME = leeco;
				TargetAttributes = {
					7AA437FF1EEBE01100F82E46 = {
						CreatedOnToolsVersion = 8.3.2;
						DevelopmentTeam = ML77R3AZAP;
						ProvisioningStyle = Manual;
					};
					7AA438181EEBE01100F82E46 = {
						CreatedOnToolsVersion = 8.3.2;
						ProvisioningStyle = Automatic;
						TestTargetID = 7AA437FF1EEBE01100F82E46;
					};
					7AA438231EEBE01100F82E46 = {
						CreatedOnToolsVersion = 8.3.2;
						ProvisioningStyle = Automatic;
						TestTargetID = 7AA437FF1EEBE01100F82E46;
					};
				};
			};
			buildConfigurationList = 7AA437FB1EEBE01100F82E46 /* Build configuration list for PBXProject "textOne" */;
			compatibilityVersion = "Xcode 3.2";
			developmentRegion = English;
			hasScannedForEncodings = 0;
			knownRegions = (
				en,
				Base,
			);
			mainGroup = 7AA437F71EEBE01100F82E46;
			productRefGroup = 7AA438011EEBE01100F82E46 /* Products */;
			projectDirPath = "";
			projectRoot = "";
			targets = (
				7AA437FF1EEBE01100F82E46 /* textOne */,
				7AA438181EEBE01100F82E46 /* textOneTests */,
				7AA438231EEBE01100F82E46 /* textOneUITests */,
			);
		};
/* End PBXProject section */

/* Begin PBXResourcesBuildPhase section */
		7AA437FE1EEBE01100F82E46 /* Resources */ = {
			isa = PBXResourcesBuildPhase;
			buildActionMask = 2147483647;
			files = (
				7AA438131EEBE01100F82E46 /* LaunchScreen.storyboard in Resources */,
				7AA438101EEBE01100F82E46 /* Assets.xcassets in Resources */,
				7AA4380E1EEBE01100F82E46 /* Main.storyboard in Resources */,
			);
			runOnlyForDeploymentPostprocessing = 0;
		};
		7AA438171EEBE01100F82E46 /* Resources */ = {
			isa = PBXResourcesBuildPhase;
			buildActionMask = 2147483647;
			files = (
			);
			runOnlyForDeploymentPostprocessing = 0;
		};
		7AA438221EEBE01100F82E46 /* Resources */ = {
			isa = PBXResourcesBuildPhase;
			buildActionMask = 2147483647;
			files = (
			);
			runOnlyForDeploymentPostprocessing = 0;
		};
/* End PBXResourcesBuildPhase section */

/* Begin PBXShellScriptBuildPhase section */
		54684497F68C178532945CBE /* [CP] Embed Pods Frameworks */ = {
			isa = PBXShellScriptBuildPhase;
			buildActionMask = 2147483647;
			files = (
			);
			inputPaths = (
			);
			name = "[CP] Embed Pods Frameworks";
			outputPaths = (
			);
			runOnlyForDeploymentPostprocessing = 0;
			shellPath = /bin/sh;
			shellScript = "\"${SRCROOT}/Pods/Target Support Files/Pods-textOne/Pods-textOne-frameworks.sh\"\n";
			showEnvVarsInLog = 0;
		};
		6815DE03F6173FA7C69B9E68 /* [CP] Check Pods Manifest.lock */ = {
			isa = PBXShellScriptBuildPhase;
			buildActionMask = 2147483647;
			files = (
			);
			inputPaths = (
			);
			name = "[CP] Check Pods Manifest.lock";
			outputPaths = (
			);
			runOnlyForDeploymentPostprocessing = 0;
			shellPath = /bin/sh;
			shellScript = "diff \"${PODS_PODFILE_DIR_PATH}/Podfile.lock\" \"${PODS_ROOT}/Manifest.lock\" > /dev/null\nif [ $? != 0 ] ; then\n    # print error to STDERR\n    echo \"error: The sandbox is not in sync with the Podfile.lock. Run 'pod install' or update your CocoaPods installation.\" >&2\n    exit 1\nfi\n";
			showEnvVarsInLog = 0;
		};
		E817FF21C5D1038AB497C3FC /* [CP] Copy Pods Resources */ = {
			isa = PBXShellScriptBuildPhase;
			buildActionMask = 2147483647;
			files = (
			);
			inputPaths = (
			);
			name = "[CP] Copy Pods Resources";
			outputPaths = (
			);
			runOnlyForDeploymentPostprocessing = 0;
			shellPath = /bin/sh;
			shellScript = "\"${SRCROOT}/Pods/Target Support Files/Pods-textOne/Pods-textOne-resources.sh\"\n";
			showEnvVarsInLog = 0;
		};
/* End PBXShellScriptBuildPhase section */

/* Begin PBXSourcesBuildPhase section */
		7AA437FC1EEBE01100F82E46 /* Sources */ = {
			isa = PBXSourcesBuildPhase;
			buildActionMask = 2147483647;
			files = (
				7AA4380B1EEBE01100F82E46 /* ViewController.m in Sources */,
				7AA438081EEBE01100F82E46 /* AppDelegate.m in Sources */,
				7AA438051EEBE01100F82E46 /* main.m in Sources */,
			);
			runOnlyForDeploymentPostprocessing = 0;
		};
		7AA438151EEBE01100F82E46 /* Sources */ = {
			isa = PBXSourcesBuildPhase;
			buildActionMask = 2147483647;
			files = (
				7AA4381E1EEBE01100F82E46 /* textOneTests.m in Sources */,
			);
			runOnlyForDeploymentPostprocessing = 0;
		};
		7AA438201EEBE01100F82E46 /* Sources */ = {
			isa = PBXSourcesBuildPhase;
			buildActionMask = 2147483647;
			files = (
				7AA438291EEBE01100F82E46 /* textOneUITests.m in Sources */,
			);
			runOnlyForDeploymentPostprocessing = 0;
		};
/* End PBXSourcesBuildPhase section */

/* Begin PBXTargetDependency section */
		7AA4381B1EEBE01100F82E46 /* PBXTargetDependency */ = {
			isa = PBXTargetDependency;
			target = 7AA437FF1EEBE01100F82E46 /* textOne */;
			targetProxy = 7AA4381A1EEBE01100F82E46 /* PBXContainerItemProxy */;
		};
		7AA438261EEBE01100F82E46 /* PBXTargetDependency */ = {
			isa = PBXTargetDependency;
			target = 7AA437FF1EEBE01100F82E46 /* textOne */;
			targetProxy = 7AA438251EEBE01100F82E46 /* PBXContainerItemProxy */;
		};
/* End PBXTargetDependency section */

/* Begin PBXVariantGroup section */
		7AA4380C1EEBE01100F82E46 /* Main.storyboard */ = {
			isa = PBXVariantGroup;
			children = (
				7AA4380D1EEBE01100F82E46 /* Base */,
			);
			name = Main.storyboard;
			sourceTree = "<group>";
		};
		7AA438111EEBE01100F82E46 /* LaunchScreen.storyboard */ = {
			isa = PBXVariantGroup;
			children = (
				7AA438121EEBE01100F82E46 /* Base */,
			);
			name = LaunchScreen.storyboard;
			sourceTree = "<group>";
		};
/* End PBXVariantGroup section */

/* Begin XCBuildConfiguration section */
		7AA4382B1EEBE01100F82E46 /* Debug */ = {
			isa = XCBuildConfiguration;
			buildSettings = {
				ALWAYS_SEARCH_USER_PATHS = NO;
				CLANG_ANALYZER_NONNULL = YES;
				CLANG_ANALYZER_NUMBER_OBJECT_CONVERSION = YES_AGGRESSIVE;
				CLANG_CXX_LANGUAGE_STANDARD = "gnu++0x";
				CLANG_CXX_LIBRARY = "libc++";
				CLANG_ENABLE_MODULES = YES;
				CLANG_ENABLE_OBJC_ARC = YES;
				CLANG_WARN_BOOL_CONVERSION = YES;
				CLANG_WARN_CONSTANT_CONVERSION = YES;
				CLANG_WARN_DIRECT_OBJC_ISA_USAGE = YES_ERROR;
				CLANG_WARN_DOCUMENTATION_COMMENTS = YES;
				CLANG_WARN_EMPTY_BODY = YES;
				CLANG_WARN_ENUM_CONVERSION = YES;
				CLANG_WARN_INFINITE_RECURSION = YES;
				CLANG_WARN_INT_CONVERSION = YES;
				CLANG_WARN_OBJC_ROOT_CLASS = YES_ERROR;
				CLANG_WARN_SUSPICIOUS_MOVE = YES;
				CLANG_WARN_UNREACHABLE_CODE = YES;
				CLANG_WARN__DUPLICATE_METHOD_MATCH = YES;
				"CODE_SIGN_IDENTITY[sdk=iphoneos*]" = "iPhone Developer";
				COPY_PHASE_STRIP = NO;
				DEBUG_INFORMATION_FORMAT = dwarf;
				ENABLE_STRICT_OBJC_MSGSEND = YES;
				ENABLE_TESTABILITY = YES;
				GCC_C_LANGUAGE_STANDARD = gnu99;
				GCC_DYNAMIC_NO_PIC = NO;
				GCC_NO_COMMON_BLOCKS = YES;
				GCC_OPTIMIZATION_LEVEL = 0;
				GCC_PREPROCESSOR_DEFINITIONS = (
					"DEBUG=1",
					"$(inherited)",
				);
				GCC_WARN_64_TO_32_BIT_CONVERSION = YES;
				GCC_WARN_ABOUT_RETURN_TYPE = YES_ERROR;
				GCC_WARN_UNDECLARED_SELECTOR = YES;
				GCC_WARN_UNINITIALIZED_AUTOS = YES_AGGRESSIVE;
				GCC_WARN_UNUSED_FUNCTION = YES;
				GCC_WARN_UNUSED_VARIABLE = YES;
				IPHONEOS_DEPLOYMENT_TARGET = 10.3;
				MTL_ENABLE_DEBUG_INFO = YES;
				ONLY_ACTIVE_ARCH = YES;
				SDKROOT = iphoneos;
				TARGETED_DEVICE_FAMILY = "1,2";
			};
			name = Debug;
		};
		7AA4382C1EEBE01100F82E46 /* Release */ = {
			isa = XCBuildConfiguration;
			buildSettings = {
				ALWAYS_SEARCH_USER_PATHS = NO;
				CLANG_ANALYZER_NONNULL = YES;
				CLANG_ANALYZER_NUMBER_OBJECT_CONVERSION = YES_AGGRESSIVE;
				CLANG_CXX_LANGUAGE_STANDARD = "gnu++0x";
				CLANG_CXX_LIBRARY = "libc++";
				CLANG_ENABLE_MODULES = YES;
				CLANG_ENABLE_OBJC_ARC = YES;
				CLANG_WARN_BOOL_CONVERSION = YES;
				CLANG_WARN_CONSTANT_CONVERSION = YES;
				CLANG_WARN_DIRECT_OBJC_ISA_USAGE = YES_ERROR;
				CLANG_WARN_DOCUMENTATION_COMMENTS = YES;
				CLANG_WARN_EMPTY_BODY = YES;
				CLANG_WARN_ENUM_CONVERSION = YES;
				CLANG_WARN_INFINITE_RECURSION = YES;
				CLANG_WARN_INT_CONVERSION = YES;
				CLANG_WARN_OBJC_ROOT_CLASS = YES_ERROR;
				CLANG_WARN_SUSPICIOUS_MOVE = YES;
				CLANG_WARN_UNREACHABLE_CODE = YES;
				CLANG_WARN__DUPLICATE_METHOD_MATCH = YES;
				"CODE_SIGN_IDENTITY[sdk=iphoneos*]" = "iPhone Developer";
				COPY_PHASE_STRIP = NO;
				DEBUG_INFORMATION_FORMAT = "dwarf-with-dsym";
				ENABLE_NS_ASSERTIONS = NO;
				ENABLE_STRICT_OBJC_MSGSEND = YES;
				GCC_C_LANGUAGE_STANDARD = gnu99;
				GCC_NO_COMMON_BLOCKS = YES;
				GCC_WARN_64_TO_32_BIT_CONVERSION = YES;
				GCC_WARN_ABOUT_RETURN_TYPE = YES_ERROR;
				GCC_WARN_UNDECLARED_SELECTOR = YES;
				GCC_WARN_UNINITIALIZED_AUTOS = YES_AGGRESSIVE;
				GCC_WARN_UNUSED_FUNCTION = YES;
				GCC_WARN_UNUSED_VARIABLE = YES;
				IPHONEOS_DEPLOYMENT_TARGET = 10.3;
				MTL_ENABLE_DEBUG_INFO = NO;
				SDKROOT = iphoneos;
				TARGETED_DEVICE_FAMILY = "1,2";
				VALIDATE_PRODUCT = YES;
			};
			name = Release;
		};
		7AA4382E1EEBE01100F82E46 /* Debug */ = {
			isa = XCBuildConfiguration;
			baseConfigurationReference = ED60B39D7052B164EE346DC4 /* Pods-textOne.debug.xcconfig */;
			buildSettings = {
				ASSETCATALOG_COMPILER_APPICON_NAME = AppIcon;
				CODE_SIGN_IDENTITY = "";
				"CODE_SIGN_IDENTITY[sdk=iphoneos*]" = "iPhone Developer";
				DEVELOPMENT_TEAM = ML77R3AZAP;
				INFOPLIST_FILE = textOne/Info.plist;
				LD_RUNPATH_SEARCH_PATHS = "$(inherited) @executable_path/Frameworks";
				PRODUCT_BUNDLE_IDENTIFIER = com.LeFinance.iphone;
				PRODUCT_NAME = "$(TARGET_NAME)";
				PROVISIONING_PROFILE = "7ac1df0f-101c-4a12-a395-58193ccfdfc2";
				PROVISIONING_PROFILE_SPECIFIER = LeFinance.provisioning;
			};
			name = Debug;
		};
		7AA4382F1EEBE01100F82E46 /* Release */ = {
			isa = XCBuildConfiguration;
			baseConfigurationReference = 5E145ED6E4E72CF16AEFCA0F /* Pods-textOne.release.xcconfig */;
			buildSettings = {
				ASSETCATALOG_COMPILER_APPICON_NAME = AppIcon;
				CODE_SIGN_IDENTITY = "";
				"CODE_SIGN_IDENTITY[sdk=iphoneos*]" = "iPhone Developer";
				DEVELOPMENT_TEAM = ML77R3AZAP;
				INFOPLIST_FILE = textOne/Info.plist;
				LD_RUNPATH_SEARCH_PATHS = "$(inherited) @executable_path/Frameworks";
				PRODUCT_BUNDLE_IDENTIFIER = com.LeFinance.iphone;
				PRODUCT_NAME = "$(TARGET_NAME)";
				PROVISIONING_PROFILE = "7ac1df0f-101c-4a12-a395-58193ccfdfc2";
				PROVISIONING_PROFILE_SPECIFIER = LeFinance.provisioning;
			};
			name = Release;
		};
		7AA438311EEBE01100F82E46 /* Debug */ = {
			isa = XCBuildConfiguration;
			buildSettings = {
				BUNDLE_LOADER = "$(TEST_HOST)";
				INFOPLIST_FILE = textOneTests/Info.plist;
				LD_RUNPATH_SEARCH_PATHS = "$(inherited) @executable_path/Frameworks @loader_path/Frameworks";
				PRODUCT_BUNDLE_IDENTIFIER = LEFiance.textOneTests;
				PRODUCT_NAME = "$(TARGET_NAME)";
				TEST_HOST = "$(BUILT_PRODUCTS_DIR)/textOne.app/textOne";
			};
			name = Debug;
		};
		7AA438321EEBE01100F82E46 /* Release */ = {
			isa = XCBuildConfiguration;
			buildSettings = {
				BUNDLE_LOADER = "$(TEST_HOST)";
				INFOPLIST_FILE = textOneTests/Info.plist;
				LD_RUNPATH_SEARCH_PATHS = "$(inherited) @executable_path/Frameworks @loader_path/Frameworks";
				PRODUCT_BUNDLE_IDENTIFIER = LEFiance.textOneTests;
				PRODUCT_NAME = "$(TARGET_NAME)";
				TEST_HOST = "$(BUILT_PRODUCTS_DIR)/textOne.app/textOne";
			};
			name = Release;
		};
		7AA438341EEBE01100F82E46 /* Debug */ = {
			isa = XCBuildConfiguration;
			buildSettings = {
				INFOPLIST_FILE = textOneUITests/Info.plist;
				LD_RUNPATH_SEARCH_PATHS = "$(inherited) @executable_path/Frameworks @loader_path/Frameworks";
				PRODUCT_BUNDLE_IDENTIFIER = LEFiance.textOneUITests;
				PRODUCT_NAME = "$(TARGET_NAME)";
				TEST_TARGET_NAME = textOne;
			};
			name = Debug;
		};
		7AA438351EEBE01100F82E46 /* Release */ = {
			isa = XCBuildConfiguration;
			buildSettings = {
				INFOPLIST_FILE = textOneUITests/Info.plist;
				LD_RUNPATH_SEARCH_PATHS = "$(inherited) @executable_path/Frameworks @loader_path/Frameworks";
				PRODUCT_BUNDLE_IDENTIFIER = LEFiance.textOneUITests;
				PRODUCT_NAME = "$(TARGET_NAME)";
				TEST_TARGET_NAME = textOne;
			};
			name = Release;
		};
/* End XCBuildConfiguration section */

/* Begin XCConfigurationList section */
		7AA437FB1EEBE01100F82E46 /* Build configuration list for PBXProject "textOne" */ = {
			isa = XCConfigurationList;
			buildConfigurations = (
				7AA4382B1EEBE01100F82E46 /* Debug */,
				7AA4382C1EEBE01100F82E46 /* Release */,
			);
			defaultConfigurationIsVisible = 0;
			defaultConfigurationName = Release;
		};
		7AA4382D1EEBE01100F82E46 /* Build configuration list for PBXNativeTarget "textOne" */ = {
			isa = XCConfigurationList;
			buildConfigurations = (
				7AA4382E1EEBE01100F82E46 /* Debug */,
				7AA4382F1EEBE01100F82E46 /* Release */,
			);
			defaultConfigurationIsVisible = 0;
			defaultConfigurationName = Release;
		};
		7AA438301EEBE01100F82E46 /* Build configuration list for PBXNativeTarget "textOneTests" */ = {
			isa = XCConfigurationList;
			buildConfigurations = (
				7AA438311EEBE01100F82E46 /* Debug */,
				7AA438321EEBE01100F82E46 /* Release */,
			);
			defaultConfigurationIsVisible = 0;
			defaultConfigurationName = Release;
		};
		7AA438331EEBE01100F82E46 /* Build configuration list for PBXNativeTarget "textOneUITests" */ = {
			isa = XCConfigurationList;
			buildConfigurations = (
				7AA438341EEBE01100F82E46 /* Debug */,
				7AA438351EEBE01100F82E46 /* Release */,
			);
			defaultConfigurationIsVisible = 0;
			defaultConfigurationName = Release;
		};
/* End XCConfigurationList section */
	};
	rootObject = 7AA437F81EEBE01100F82E46 /* Project object */;
}
